
Microsoft Visual Studio Solution File, Format Version 12.00
# Visual Studio Version 17
VisualStudioVersion = 17.2.32519.379
MinimumVisualStudioVersion = 10.0.40219.1
Project("{FAE04EC0-301F-11D3-BF4B-00C04F79EFBC}") = "disableservices", "disableservices\disableservices.csproj", "{96CEFB48-CE46-4820-A458-87B87F5810CC}"
EndProject
Global
	GlobalSection(SolutionConfigurationPlatforms) = preSolution
		Debug|Any CPU = Debug|Any CPU
		Release|Any CPU = Release|Any CPU
	EndGlobalSection
	GlobalSection(ProjectConfigurationPlatforms) = postSolution
		{96CEFB48-CE46-4820-A458-87B87F5810CC}.Debug|Any CPU.ActiveCfg = Debug|Any CPU
		{96CEFB48-CE46-4820-A458-87B87F5810CC}.Debug|Any CPU.Build.0 = Debug|Any CPU
		{96CEFB48-CE46-4820-A458-87B87F5810CC}.Release|Any CPU.ActiveCfg = Release|Any CPU
		{96CEFB48-CE46-4820-A458-87B87F5810CC}.Release|Any CPU.Build.0 = Release|Any CPU
	EndGlobalSection
	GlobalSection(SolutionProperties) = preSolution
		HideSolutionNode = FALSE
	EndGlobalSection
	GlobalSection(ExtensibilityGlobals) = postSolution
		SolutionGuid = {CB4316CB-33BE-4AD8-BFDF-DB700CF1391D}
	EndGlobalSection
EndGlobal
